github.com/joe-at-startupmedia/tcp_server v0.0.1 h1:LTOMm+92TtkY7NPKOt3xAdfvN7u4dhXYRwCEjZcIl2s=
github.com/joe-at-startupmedia/tcp_server v0.0.1/go.mod h1:8lsODuCciB8WJ2AMigATVR6AXz2MMnTcLT9n7k+nq7g=
github.com/pborman/getopt/v2 v2.1.0 h1:eNfR+r+dWLdWmV8g5OlpyrTYHkhVNxHBdN2cCrJmOEA=
github.com/pborman/getopt/v2 v2.1.0/go.mod h1:4NtW75ny4eBw9fO1bhtNdYTlZKYX5/tBLtsOpwKIKd0=
